<Solution>
  <Folder Name="/.sln/">
    <File Path="../.github/workflows/dotnet.yml" />
    <File Path="../LICENSE" />
    <File Path="../.gitignore" />
    <File Path="../README.md" />
  </Folder>
  <Folder Name="/dependency-core/">
    <Project Path="./dependency-core/Core.Tests/Dependency.Core.Tests.csproj" />
    <Project Path="./dependency-core/Core/Dependency.Core.csproj" />
  </Folder>
  <Folder Name="/dependency-service-provider-extensions/">
    <Project Path="./dependency-service-provider-extensions/ServiceProviderExtensions.Tests/ServiceProviderExtensions.Tests.csproj" />
    <Project Path="./dependency-service-provider-extensions/ServiceProviderExtensions/ServiceProviderExtensions.csproj" />
  </Folder>
  <Folder Name="/dependency/">
    <Project Path="./dependency/Dependency/Dependency.csproj" />
  </Folder>
</Solution>